// !$*UTF8*$!
{
	archiveVersion = 1;
	classes = {
	};
	objectVersion = 51;
	objects = {

/* Begin PBXBuildFile section */
		07F60B8924E260D50028D5BD /* AppDelegate.swift in Sources */ = {isa = PBXBuildFile; fileRef = 07F60B8824E260D50028D5BD /* AppDelegate.swift */; };
		07F60B8B24E260D50028D5BD /* SceneDelegate.swift in Sources */ = {isa = PBXBuildFile; fileRef = 07F60B8A24E260D50028D5BD /* SceneDelegate.swift */; };
		07F60B8D24E260D50028D5BD /* SignupViewController.swift in Sources */ = {isa = PBXBuildFile; fileRef = 07F60B8C24E260D50028D5BD /* SignupViewController.swift */; };
		07F60B9224E260DD0028D5BD /* Assets.xcassets in Resources */ = {isa = PBXBuildFile; fileRef = 07F60B9124E260DD0028D5BD /* Assets.xcassets */; };
		07F60B9524E260DD0028D5BD /* LaunchScreen.storyboard in Resources */ = {isa = PBXBuildFile; fileRef = 07F60B9324E260DD0028D5BD /* LaunchScreen.storyboard */; };
		07F60BA124E2644D0028D5BD /* Main.storyboard in Resources */ = {isa = PBXBuildFile; fileRef = 07F60BA024E2644D0028D5BD /* Main.storyboard */; };
		07F60BA524E265790028D5BD /* Constants.swift in Sources */ = {isa = PBXBuildFile; fileRef = 07F60BA424E265790028D5BD /* Constants.swift */; };
		07F60BA724E2657F0028D5BD /* Utilities.swift in Sources */ = {isa = PBXBuildFile; fileRef = 07F60BA624E2657F0028D5BD /* Utilities.swift */; };
		07F60BAB24E2666B0028D5BD /* HomeViewController.swift in Sources */ = {isa = PBXBuildFile; fileRef = 07F60BA824E266690028D5BD /* HomeViewController.swift */; };
		07F60BAC24E2666B0028D5BD /* ViewController.swift in Sources */ = {isa = PBXBuildFile; fileRef = 07F60BA924E2666A0028D5BD /* ViewController.swift */; };
		07F60BAD24E2666B0028D5BD /* LoginViewController.swift in Sources */ = {isa = PBXBuildFile; fileRef = 07F60BAA24E2666B0028D5BD /* LoginViewController.swift */; };
		07F60BAF24E269B50028D5BD /* GoogleService-Info.plist in Resources */ = {isa = PBXBuildFile; fileRef = 07F60BAE24E269B50028D5BD /* GoogleService-Info.plist */; };
		6A50E2985254B7A42158E142 /* Pods_FirebaseLogin.framework in Frameworks */ = {isa = PBXBuildFile; fileRef = 0A466D1C8A16332B494CFCDE /* Pods_FirebaseLogin.framework */; };
/* End PBXBuildFile section */

/* Begin PBXFileReference section */
		07F60B8524E260D50028D5BD /* FirebaseLogin.app */ = {isa = PBXFileReference; explicitFileType = wrapper.application; includeInIndex = 0; path = FirebaseLogin.app; sourceTree = BUILT_PRODUCTS_DIR; };
		07F60B8824E260D50028D5BD /* AppDelegate.swift */ = {isa = PBXFileReference; lastKnownFileType = sourcecode.swift; path = AppDelegate.swift; sourceTree = "<group>"; };
		07F60B8A24E260D50028D5BD /* SceneDelegate.swift */ = {isa = PBXFileReference; lastKnownFileType = sourcecode.swift; path = SceneDelegate.swift; sourceTree = "<group>"; };
		07F60B8C24E260D50028D5BD /* SignupViewController.swift */ = {isa = PBXFileReference; lastKnownFileType = sourcecode.swift; path = SignupViewController.swift; sourceTree = "<group>"; };
		07F60B9124E260DD0028D5BD /* Assets.xcassets */ = {isa = PBXFileReference; lastKnownFileType = folder.assetcatalog; path = Assets.xcassets; sourceTree = "<group>"; };
		07F60B9424E260DD0028D5BD /* Base */ = {isa = PBXFileReference; lastKnownFileType = file.storyboard; name = Base; path = Base.lproj/LaunchScreen.storyboard; sourceTree = "<group>"; };
		07F60B9624E260DD0028D5BD /* Info.plist */ = {isa = PBXFileReference; lastKnownFileType = text.plist.xml; path = Info.plist; sourceTree = "<group>"; };
		07F60BA024E2644D0028D5BD /* Main.storyboard */ = {isa = PBXFileReference; fileEncoding = 4; lastKnownFileType = file.storyboard; path = Main.storyboard; sourceTree = "<group>"; };
		07F60BA424E265790028D5BD /* Constants.swift */ = {isa = PBXFileReference; fileEncoding = 4; lastKnownFileType = sourcecode.swift; path = Constants.swift; sourceTree = "<group>"; };
		07F60BA624E2657F0028D5BD /* Utilities.swift */ = {isa = PBXFileReference; fileEncoding = 4; lastKnownFileType = sourcecode.swift; path = Utilities.swift; sourceTree = "<group>"; };
		07F60BA824E266690028D5BD /* HomeViewController.swift */ = {isa = PBXFileReference; fileEncoding = 4; lastKnownFileType = sourcecode.swift; path = HomeViewController.swift; sourceTree = "<group>"; };
		07F60BA924E2666A0028D5BD /* ViewController.swift */ = {isa = PBXFileReference; fileEncoding = 4; lastKnownFileType = sourcecode.swift; path = ViewController.swift; sourceTree = "<group>"; };
		07F60BAA24E2666B0028D5BD /* LoginViewController.swift */ = {isa = PBXFileReference; fileEncoding = 4; lastKnownFileType = sourcecode.swift; path = LoginViewController.swift; sourceTree = "<group>"; };
		07F60BAE24E269B50028D5BD /* GoogleService-Info.plist */ = {isa = PBXFileReference; fileEncoding = 4; lastKnownFileType = text.plist.xml; path = "GoogleService-Info.plist"; sourceTree = "<group>"; };
		0A466D1C8A16332B494CFCDE /* Pods_FirebaseLogin.framework */ = {isa = PBXFileReference; explicitFileType = wrapper.framework; includeInIndex = 0; path = Pods_FirebaseLogin.framework; sourceTree = BUILT_PRODUCTS_DIR; };
		5E08A0DF8038521F8BA98FF4 /* Pods-FirebaseLogin.release.xcconfig */ = {isa = PBXFileReference; includeInIndex = 1; lastKnownFileType = text.xcconfig; name = "Pods-FirebaseLogin.release.xcconfig"; path = "Target Support Files/Pods-FirebaseLogin/Pods-FirebaseLogin.release.xcconfig"; sourceTree = "<group>"; };
		FD15E5D0F4215E1C748A3005 /* Pods-FirebaseLogin.debug.xcconfig */ = {isa = PBXFileReference; includeInIndex = 1; lastKnownFileType = text.xcconfig; name = "Pods-FirebaseLogin.debug.xcconfig"; path = "Target Support Files/Pods-FirebaseLogin/Pods-FirebaseLogin.debug.xcconfig"; sourceTree = "<group>"; };
/* End PBXFileReference section */

/* Begin PBXFrameworksBuildPhase section */
		07F60B8224E260D50028D5BD /* Frameworks */ = {
			isa = PBXFrameworksBuildPhase;
			buildActionMask = 2147483647;
			files = (
				6A50E2985254B7A42158E142 /* Pods_FirebaseLogin.framework in Frameworks */,
			);
			runOnlyForDeploymentPostprocessing = 0;
		};
/* End PBXFrameworksBuildPhase section */

/* Begin PBXGroup section */
		07F60B7C24E260D40028D5BD = {
			isa = PBXGroup;
			children = (
				07F60B8724E260D50028D5BD /* FirebaseLogin */,
				07F60B8624E260D50028D5BD /* Products */,
				F7723E41742C84582FE29AC6 /* Pods */,
				5C9254BCA738EB1CB9E017D9 /* Frameworks */,
			);
			sourceTree = "<group>";
		};
		07F60B8624E260D50028D5BD /* Products */ = {
			isa = PBXGroup;
			children = (
				07F60B8524E260D50028D5BD /* FirebaseLogin.app */,
			);
			name = Products;
			sourceTree = "<group>";
		};
		07F60B8724E260D50028D5BD /* FirebaseLogin */ = {
			isa = PBXGroup;
			children = (
				07F60BA324E265190028D5BD /* New Group */,
				07F60BA224E265070028D5BD /* ViewController */,
				07F60B8824E260D50028D5BD /* AppDelegate.swift */,
				07F60B8A24E260D50028D5BD /* SceneDelegate.swift */,
				07F60B9124E260DD0028D5BD /* Assets.xcassets */,
				07F60BA024E2644D0028D5BD /* Main.storyboard */,
				07F60B9324E260DD0028D5BD /* LaunchScreen.storyboard */,
				07F60B9624E260DD0028D5BD /* Info.plist */,
				07F60BAE24E269B50028D5BD /* GoogleService-Info.plist */,
			);
			path = FirebaseLogin;
			sourceTree = "<group>";
		};
		07F60BA224E265070028D5BD /* ViewController */ = {
			isa = PBXGroup;
			children = (
				07F60B8C24E260D50028D5BD /* SignupViewController.swift */,
				07F60BA824E266690028D5BD /* HomeViewController.swift */,
				07F60BAA24E2666B0028D5BD /* LoginViewController.swift */,
				07F60BA924E2666A0028D5BD /* ViewController.swift */,
			);
			path = ViewController;
			sourceTree = "<group>";
		};
		07F60BA324E265190028D5BD /* New Group */ = {
			isa = PBXGroup;
			children = (
				07F60BA424E265790028D5BD /* Constants.swift */,
				07F60BA624E2657F0028D5BD /* Utilities.swift */,
			);
			path = "New Group";
			sourceTree = "<group>";
		};
		5C9254BCA738EB1CB9E017D9 /* Frameworks */ = {
			isa = PBXGroup;
			children = (
				0A466D1C8A16332B494CFCDE /* Pods_FirebaseLogin.framework */,
			);
			name = Frameworks;
			sourceTree = "<group>";
		};
		F7723E41742C84582FE29AC6 /* Pods */ = {
			isa = PBXGroup;
			children = (
				FD15E5D0F4215E1C748A3005 /* Pods-FirebaseLogin.debug.xcconfig */,
				5E08A0DF8038521F8BA98FF4 /* Pods-FirebaseLogin.release.xcconfig */,
			);
			path = Pods;
			sourceTree = "<group>";
		};
/* End PBXGroup section */

/* Begin PBXNativeTarget section */
		07F60B8424E260D50028D5BD /* FirebaseLogin */ = {
			isa = PBXNativeTarget;
			buildConfigurationList = 07F60B9924E260DD0028D5BD /* Build configuration list for PBXNativeTarget "FirebaseLogin" */;
			buildPhases = (
				9686F63239F99E7D64B0A1F5 /* [CP] Check Pods Manifest.lock */,
				07F60B8124E260D50028D5BD /* Sources */,
				07F60B8224E260D50028D5BD /* Frameworks */,
				07F60B8324E260D50028D5BD /* Resources */,
				D67710D57D1CDFC0660CA228 /* [CP] Embed Pods Frameworks */,
			);
			buildRules = (
			);
			dependencies = (
			);
			name = FirebaseLogin;
			productName = FirebaseLogin;
			productReference = 07F60B8524E260D50028D5BD /* FirebaseLogin.app */;
			productType = "com.apple.product-type.application";
		};
/* End PBXNativeTarget section */

/* Begin PBXProject section */
		07F60B7D24E260D50028D5BD /* Project object */ = {
			isa = PBXProject;
			attributes = {
				LastSwiftUpdateCheck = 1160;
				LastUpgradeCheck = 1160;
				ORGANIZATIONNAME = "Danish Khan";
				TargetAttributes = {
					07F60B8424E260D50028D5BD = {
						CreatedOnToolsVersion = 11.6;
					};
				};
			};
			buildConfigurationList = 07F60B8024E260D50028D5BD /* Build configuration list for PBXProject "FirebaseLogin" */;
			compatibilityVersion = "Xcode 9.3";
			developmentRegion = en;
			hasScannedForEncodings = 0;
			knownRegions = (
				en,
				Base,
			);
			mainGroup = 07F60B7C24E260D40028D5BD;
			productRefGroup = 07F60B8624E260D50028D5BD /* Products */;
			projectDirPath = "";
			projectRoot = "";
			targets = (
				07F60B8424E260D50028D5BD /* FirebaseLogin */,
			);
		};
/* End PBXProject section */

/* Begin PBXResourcesBuildPhase section */
		07F60B8324E260D50028D5BD /* Resources */ = {
			isa = PBXResourcesBuildPhase;
			buildActionMask = 2147483647;
			files = (
				07F60B9524E260DD0028D5BD /* LaunchScreen.storyboard in Resources */,
				07F60BAF24E269B50028D5BD /* GoogleService-Info.plist in Resources */,
				07F60B9224E260DD0028D5BD /* Assets.xcassets in Resources */,
				07F60BA124E2644D0028D5BD /* Main.storyboard in Resources */,
			);
			runOnlyForDeploymentPostprocessing = 0;
		};
/* End PBXResourcesBuildPhase section */

/* Begin PBXShellScriptBuildPhase section */
		9686F63239F99E7D64B0A1F5 /* [CP] Check Pods Manifest.lock */ = {
			isa = PBXShellScriptBuildPhase;
			buildActionMask = 2147483647;
			files = (
			);
			inputFileListPaths = (
			);
			inputPaths = (
				"${PODS_PODFILE_DIR_PATH}/Podfile.lock",
				"${PODS_ROOT}/Manifest.lock",
			);
			name = "[CP] Check Pods Manifest.lock";
			outputFileListPaths = (
			);
			outputPaths = (
				"$(DERIVED_FILE_DIR)/Pods-FirebaseLogin-checkManifestLockResult.txt",
			);
			runOnlyForDeploymentPostprocessing = 0;
			shellPath = /bin/sh;
			shellScript = "diff \"${PODS_PODFILE_DIR_PATH}/Podfile.lock\" \"${PODS_ROOT}/Manifest.lock\" > /dev/null\nif [ $? != 0 ] ; then\n    # print error to STDERR\n    echo \"error: The sandbox is not in sync with the Podfile.lock. Run 'pod install' or update your CocoaPods installation.\" >&2\n    exit 1\nfi\n# This output is used by Xcode 'outputs' to avoid re-running this script phase.\necho \"SUCCESS\" > \"${SCRIPT_OUTPUT_FILE_0}\"\n";
			showEnvVarsInLog = 0;
		};
		D67710D57D1CDFC0660CA228 /* [CP] Embed Pods Frameworks */ = {
			isa = PBXShellScriptBuildPhase;
			buildActionMask = 2147483647;
			files = (
			);
			inputFileListPaths = (
				"${PODS_ROOT}/Target Support Files/Pods-FirebaseLogin/Pods-FirebaseLogin-frameworks-${CONFIGURATION}-input-files.xcfilelist",
			);
			name = "[CP] Embed Pods Frameworks";
			outputFileListPaths = (
				"${PODS_ROOT}/Target Support Files/Pods-FirebaseLogin/Pods-FirebaseLogin-frameworks-${CONFIGURATION}-output-files.xcfilelist",
			);
			runOnlyForDeploymentPostprocessing = 0;
			shellPath = /bin/sh;
			shellScript = "\"${PODS_ROOT}/Target Support Files/Pods-FirebaseLogin/Pods-FirebaseLogin-frameworks.sh\"\n";
			showEnvVarsInLog = 0;
		};
/* End PBXShellScriptBuildPhase section */

/* Begin PBXSourcesBuildPhase section */
		07F60B8124E260D50028D5BD /* Sources */ = {
			isa = PBXSourcesBuildPhase;
			buildActionMask = 2147483647;
			files = (
				07F60B8D24E260D50028D5BD /* SignupViewController.swift in Sources */,
				07F60B8924E260D50028D5BD /* AppDelegate.swift in Sources */,
				07F60B8B24E260D50028D5BD /* SceneDelegate.swift in Sources */,
				07F60BA724E2657F0028D5BD /* Utilities.swift in Sources */,
				07F60BAD24E2666B0028D5BD /* LoginViewController.swift in Sources */,
				07F60BAC24E2666B0028D5BD /* ViewController.swift in Sources */,
				07F60BA524E265790028D5BD /* Constants.swift in Sources */,
				07F60BAB24E2666B0028D5BD /* HomeViewController.swift in Sources */,
			);
			runOnlyForDeploymentPostprocessing = 0;
		};
/* End PBXSourcesBuildPhase section */

/* Begin PBXVariantGroup section */
		07F60B9324E260DD0028D5BD /* LaunchScreen.storyboard */ = {
			isa = PBXVariantGroup;
			children = (
				07F60B9424E260DD0028D5BD /* Base */,
			);
			name = LaunchScreen.storyboard;
			sourceTree = "<group>";
		};
/* End PBXVariantGroup section */

/* Begin XCBuildConfiguration section */
		07F60B9724E260DD0028D5BD /* Debug */ = {
			isa = XCBuildConfiguration;
			buildSettings = {
				ALWAYS_SEARCH_USER_PATHS = NO;
				CLANG_ANALYZER_NONNULL = YES;
				CLANG_ANALYZER_NUMBER_OBJECT_CONVERSION = YES_AGGRESSIVE;
				CLANG_CXX_LANGUAGE_STANDARD = "gnu++14";
				CLANG_CXX_LIBRARY = "libc++";
				CLANG_ENABLE_MODULES = YES;
				CLANG_ENABLE_OBJC_ARC = YES;
				CLANG_ENABLE_OBJC_WEAK = YES;
				CLANG_WARN_BLOCK_CAPTURE_AUTORELEASING = YES;
				CLANG_WARN_BOOL_CONVERSION = YES;
				CLANG_WARN_COMMA = YES;
				CLANG_WARN_CONSTANT_CONVERSION = YES;
				CLANG_WARN_DEPRECATED_OBJC_IMPLEMENTATIONS = YES;
				CLANG_WARN_DIRECT_OBJC_ISA_USAGE = YES_ERROR;
				CLANG_WARN_DOCUMENTATION_COMMENTS = YES;
				CLANG_WARN_EMPTY_BODY = YES;
				CLANG_WARN_ENUM_CONVERSION = YES;
				CLANG_WARN_INFINITE_RECURSION = YES;
				CLANG_WARN_INT_CONVERSION = YES;
				CLANG_WARN_NON_LITERAL_NULL_CONVERSION = YES;
				CLANG_WARN_OBJC_IMPLICIT_RETAIN_SELF = YES;
				CLANG_WARN_OBJC_LITERAL_CONVERSION = YES;
				CLANG_WARN_OBJC_ROOT_CLASS = YES_ERROR;
				CLANG_WARN_RANGE_LOOP_ANALYSIS = YES;
				CLANG_WARN_STRICT_PROTOTYPES = YES;
				CLANG_WARN_SUSPICIOUS_MOVE = YES;
				CLANG_WARN_UNGUARDED_AVAILABILITY = YES_AGGRESSIVE;
				CLANG_WARN_UNREACHABLE_CODE = YES;
				CLANG_WARN__DUPLICATE_METHOD_MATCH = YES;
				COPY_PHASE_STRIP = NO;
				DEBUG_INFORMATION_FORMAT = dwarf;
				ENABLE_STRICT_OBJC_MSGSEND = YES;
				ENABLE_TESTABILITY = YES;
				GCC_C_LANGUAGE_STANDARD = gnu11;
				GCC_DYNAMIC_NO_PIC = NO;
				GCC_NO_COMMON_BLOCKS = YES;
				GCC_OPTIMIZATION_LEVEL = 0;
				GCC_PREPROCESSOR_DEFINITIONS = (
					"DEBUG=1",
					"$(inherited)",
				);
				GCC_WARN_64_TO_32_BIT_CONVERSION = YES;
				GCC_WARN_ABOUT_RETURN_TYPE = YES_ERROR;
				GCC_WARN_UNDECLARED_SELECTOR = YES;
				GCC_WARN_UNINITIALIZED_AUTOS = YES_AGGRESSIVE;
				GCC_WARN_UNUSED_FUNCTION = YES;
				GCC_WARN_UNUSED_VARIABLE = YES;
				IPHONEOS_DEPLOYMENT_TARGET = 13.6;
				MTL_ENABLE_DEBUG_INFO = INCLUDE_SOURCE;
				MTL_FAST_MATH = YES;
				ONLY_ACTIVE_ARCH = YES;
				SDKROOT = iphoneos;
				SWIFT_ACTIVE_COMPILATION_CONDITIONS = DEBUG;
				SWIFT_OPTIMIZATION_LEVEL = "-Onone";
			};
			name = Debug;
		};
		07F60B9824E260DD0028D5BD /* Release */ = {
			isa = XCBuildConfiguration;
			buildSettings = {
				ALWAYS_SEARCH_USER_PATHS = NO;
				CLANG_ANALYZER_NONNULL = YES;
				CLANG_ANALYZER_NUMBER_OBJECT_CONVERSION = YES_AGGRESSIVE;
				CLANG_CXX_LANGUAGE_STANDARD = "gnu++14";
				CLANG_CXX_LIBRARY = "libc++";
				CLANG_ENABLE_MODULES = YES;
				CLANG_ENABLE_OBJC_ARC = YES;
				CLANG_ENABLE_OBJC_WEAK = YES;
				CLANG_WARN_BLOCK_CAPTURE_AUTORELEASING = YES;
				CLANG_WARN_BOOL_CONVERSION = YES;
				CLANG_WARN_COMMA = YES;
				CLANG_WARN_CONSTANT_CONVERSION = YES;
				CLANG_WARN_DEPRECATED_OBJC_IMPLEMENTATIONS = YES;
				CLANG_WARN_DIRECT_OBJC_ISA_USAGE = YES_ERROR;
				CLANG_WARN_DOCUMENTATION_COMMENTS = YES;
				CLANG_WARN_EMPTY_BODY = YES;
				CLANG_WARN_ENUM_CONVERSION = YES;
				CLANG_WARN_INFINITE_RECURSION = YES;
				CLANG_WARN_INT_CONVERSION = YES;
				CLANG_WARN_NON_LITERAL_NULL_CONVERSION = YES;
				CLANG_WARN_OBJC_IMPLICIT_RETAIN_SELF = YES;
				CLANG_WARN_OBJC_LITERAL_CONVERSION = YES;
				CLANG_WARN_OBJC_ROOT_CLASS = YES_ERROR;
				CLANG_WARN_RANGE_LOOP_ANALYSIS = YES;
				CLANG_WARN_STRICT_PROTOTYPES = YES;
				CLANG_WARN_SUSPICIOUS_MOVE = YES;
				CLANG_WARN_UNGUARDED_AVAILABILITY = YES_AGGRESSIVE;
				CLANG_WARN_UNREACHABLE_CODE = YES;
				CLANG_WARN__DUPLICATE_METHOD_MATCH = YES;
				COPY_PHASE_STRIP = NO;
				DEBUG_INFORMATION_FORMAT = "dwarf-with-dsym";
				ENABLE_NS_ASSERTIONS = NO;
				ENABLE_STRICT_OBJC_MSGSEND = YES;
				GCC_C_LANGUAGE_STANDARD = gnu11;
				GCC_NO_COMMON_BLOCKS = YES;
				GCC_WARN_64_TO_32_BIT_CONVERSION = YES;
				GCC_WARN_ABOUT_RETURN_TYPE = YES_ERROR;
				GCC_WARN_UNDECLARED_SELECTOR = YES;
				GCC_WARN_UNINITIALIZED_AUTOS = YES_AGGRESSIVE;
				GCC_WARN_UNUSED_FUNCTION = YES;
				GCC_WARN_UNUSED_VARIABLE = YES;
				IPHONEOS_DEPLOYMENT_TARGET = 13.6;
				MTL_ENABLE_DEBUG_INFO = NO;
				MTL_FAST_MATH = YES;
				SDKROOT = iphoneos;
				SWIFT_COMPILATION_MODE = wholemodule;
				SWIFT_OPTIMIZATION_LEVEL = "-O";
				VALIDATE_PRODUCT = YES;
			};
			name = Release;
		};
		07F60B9A24E260DD0028D5BD /* Debug */ = {
			isa = XCBuildConfiguration;
			baseConfigurationReference = FD15E5D0F4215E1C748A3005 /* Pods-FirebaseLogin.debug.xcconfig */;
			buildSettings = {
				ASSETCATALOG_COMPILER_APPICON_NAME = AppIcon;
				CODE_SIGN_STYLE = Automatic;
				DEVELOPMENT_TEAM = DCZX5M5M7T;
				INFOPLIST_FILE = FirebaseLogin/Info.plist;
				LD_RUNPATH_SEARCH_PATHS = (
					"$(inherited)",
					"@executable_path/Frameworks",
				);
				PRODUCT_BUNDLE_IDENTIFIER = com.Danish.FirebaseLogin;
				PRODUCT_NAME = "$(TARGET_NAME)";
				SWIFT_VERSION = 5.0;
				TARGETED_DEVICE_FAMILY = "1,2";
			};
			name = Debug;
		};
		07F60B9B24E260DD0028D5BD /* Release */ = {
			isa = XCBuildConfiguration;
			baseConfigurationReference = 5E08A0DF8038521F8BA98FF4 /* Pods-FirebaseLogin.release.xcconfig */;
			buildSettings = {
				ASSETCATALOG_COMPILER_APPICON_NAME = AppIcon;
				CODE_SIGN_STYLE = Automatic;
				DEVELOPMENT_TEAM = DCZX5M5M7T;
				INFOPLIST_FILE = FirebaseLogin/Info.plist;
				LD_RUNPATH_SEARCH_PATHS = (
					"$(inherited)",
					"@executable_path/Frameworks",
				);
				PRODUCT_BUNDLE_IDENTIFIER = com.Danish.FirebaseLogin;
				PRODUCT_NAME = "$(TARGET_NAME)";
				SWIFT_VERSION = 5.0;
				TARGETED_DEVICE_FAMILY = "1,2";
			};
			name = Release;
		};
/* End XCBuildConfiguration section */

/* Begin XCConfigurationList section */
		07F60B8024E260D50028D5BD /* Build configuration list for PBXProject "FirebaseLogin" */ = {
			isa = XCConfigurationList;
			buildConfigurations = (
				07F60B9724E260DD0028D5BD /* Debug */,
				07F60B9824E260DD0028D5BD /* Release */,
			);
			defaultConfigurationIsVisible = 0;
			defaultConfigurationName = Release;
		};
		07F60B9924E260DD0028D5BD /* Build configuration list for PBXNativeTarget "FirebaseLogin" */ = {
			isa = XCConfigurationList;
			buildConfigurations = (
				07F60B9A24E260DD0028D5BD /* Debug */,
				07F60B9B24E260DD0028D5BD /* Release */,
			);
			defaultConfigurationIsVisible = 0;
			defaultConfigurationName = Release;
		};
/* End XCConfigurationList section */
	};
	rootObject = 07F60B7D24E260D50028D5BD /* Project object */;
}
